
Microsoft Visual Studio Solution File, Format Version 12.00
# Visual Studio Version 17
VisualStudioVersion = 17.0.31903.59
MinimumVisualStudioVersion = 10.0.40219.1
Project("{FAE04EC0-301F-11D3-BF4B-00C04F79EFBC}") = "API", "API\API.csproj", "{F796E339-4618-4530-A7E3-CE09A9AFC68A}"
EndProject
Project("{FAE04EC0-301F-11D3-BF4B-00C04F79EFBC}") = "Application", "Application\Application.csproj", "{C1915CCB-FA81-421E-ACF6-442C9A78FA4B}"
EndProject
Project("{FAE04EC0-301F-11D3-BF4B-00C04F79EFBC}") = "Domain", "Domain\Domain.csproj", "{21A0E52B-DFC7-4CEB-A689-9E3326C45328}"
EndProject
Project("{FAE04EC0-301F-11D3-BF4B-00C04F79EFBC}") = "Persistence", "Persistence\Persistence.csproj", "{9777FAA4-467D-4A36-9923-0EB37E93D683}"
EndProject
Global
	GlobalSection(SolutionConfigurationPlatforms) = preSolution
		Debug|Any CPU = Debug|Any CPU
		Release|Any CPU = Release|Any CPU
	EndGlobalSection
	GlobalSection(SolutionProperties) = preSolution
		HideSolutionNode = FALSE
	EndGlobalSection
	GlobalSection(ProjectConfigurationPlatforms) = postSolution
		{F796E339-4618-4530-A7E3-CE09A9AFC68A}.Debug|Any CPU.ActiveCfg = Debug|Any CPU
		{F796E339-4618-4530-A7E3-CE09A9AFC68A}.Debug|Any CPU.Build.0 = Debug|Any CPU
		{F796E339-4618-4530-A7E3-CE09A9AFC68A}.Release|Any CPU.ActiveCfg = Release|Any CPU
		{F796E339-4618-4530-A7E3-CE09A9AFC68A}.Release|Any CPU.Build.0 = Release|Any CPU
		{C1915CCB-FA81-421E-ACF6-442C9A78FA4B}.Debug|Any CPU.ActiveCfg = Debug|Any CPU
		{C1915CCB-FA81-421E-ACF6-442C9A78FA4B}.Debug|Any CPU.Build.0 = Debug|Any CPU
		{C1915CCB-FA81-421E-ACF6-442C9A78FA4B}.Release|Any CPU.ActiveCfg = Release|Any CPU
		{C1915CCB-FA81-421E-ACF6-442C9A78FA4B}.Release|Any CPU.Build.0 = Release|Any CPU
		{21A0E52B-DFC7-4CEB-A689-9E3326C45328}.Debug|Any CPU.ActiveCfg = Debug|Any CPU
		{21A0E52B-DFC7-4CEB-A689-9E3326C45328}.Debug|Any CPU.Build.0 = Debug|Any CPU
		{21A0E52B-DFC7-4CEB-A689-9E3326C45328}.Release|Any CPU.ActiveCfg = Release|Any CPU
		{21A0E52B-DFC7-4CEB-A689-9E3326C45328}.Release|Any CPU.Build.0 = Release|Any CPU
		{9777FAA4-467D-4A36-9923-0EB37E93D683}.Debug|Any CPU.ActiveCfg = Debug|Any CPU
		{9777FAA4-467D-4A36-9923-0EB37E93D683}.Debug|Any CPU.Build.0 = Debug|Any CPU
		{9777FAA4-467D-4A36-9923-0EB37E93D683}.Release|Any CPU.ActiveCfg = Release|Any CPU
		{9777FAA4-467D-4A36-9923-0EB37E93D683}.Release|Any CPU.Build.0 = Release|Any CPU
	EndGlobalSection
EndGlobal
